Microsoft Visual Studio Solution File, Format Version 12.00
# Visual Studio Version 17
VisualStudioVersion = 17.5.2.0
MinimumVisualStudioVersion = 10.0.40219.1
Project("{FAE04EC0-301F-11D3-BF4B-00C04F79EFBC}") = "WebApi", "WebApi\WebApi.csproj", "{8D6B33C5-CEE1-20B5-A207-99CBB61F699C}"
EndProject
Project("{FAE04EC0-301F-11D3-BF4B-00C04F79EFBC}") = "Entities", "Entities\Entities.csproj", "{A3B12994-99CC-4BAC-AAB6-9DBC122C74EF}"
EndProject
Project("{FAE04EC0-301F-11D3-BF4B-00C04F79EFBC}") = "Logic", "Logic\Logic.csproj", "{94B4AA6F-2951-4DCF-A02D-87326F0B2895}"
EndProject
Global
	GlobalSection(SolutionConfigurationPlatforms) = preSolution
		Debug|Any CPU = Debug|Any CPU
		Release|Any CPU = Release|Any CPU
	EndGlobalSection
	GlobalSection(ProjectConfigurationPlatforms) = postSolution
		{8D6B33C5-CEE1-20B5-A207-99CBB61F699C}.Debug|Any CPU.ActiveCfg = Debug|Any CPU
		{8D6B33C5-CEE1-20B5-A207-99CBB61F699C}.Debug|Any CPU.Build.0 = Debug|Any CPU
		{8D6B33C5-CEE1-20B5-A207-99CBB61F699C}.Release|Any CPU.ActiveCfg = Release|Any CPU
		{8D6B33C5-CEE1-20B5-A207-99CBB61F699C}.Release|Any CPU.Build.0 = Release|Any CPU
		{A3B12994-99CC-4BAC-AAB6-9DBC122C74EF}.Debug|Any CPU.ActiveCfg = Debug|Any CPU
		{A3B12994-99CC-4BAC-AAB6-9DBC122C74EF}.Debug|Any CPU.Build.0 = Debug|Any CPU
		{A3B12994-99CC-4BAC-AAB6-9DBC122C74EF}.Release|Any CPU.ActiveCfg = Release|Any CPU
		{A3B12994-99CC-4BAC-AAB6-9DBC122C74EF}.Release|Any CPU.Build.0 = Release|Any CPU
		{94B4AA6F-2951-4DCF-A02D-87326F0B2895}.Debug|Any CPU.ActiveCfg = Debug|Any CPU
		{94B4AA6F-2951-4DCF-A02D-87326F0B2895}.Debug|Any CPU.Build.0 = Debug|Any CPU
		{94B4AA6F-2951-4DCF-A02D-87326F0B2895}.Release|Any CPU.ActiveCfg = Release|Any CPU
		{94B4AA6F-2951-4DCF-A02D-87326F0B2895}.Release|Any CPU.Build.0 = Release|Any CPU
	EndGlobalSection
	GlobalSection(SolutionProperties) = preSolution
		HideSolutionNode = FALSE
	EndGlobalSection
	GlobalSection(ExtensibilityGlobals) = postSolution
		SolutionGuid = {3A512978-6B86-4E7E-B4A0-9566F9781835}
	EndGlobalSection
EndGlobal
